
Microsoft Visual Studio Solution File, Format Version 12.00
# Visual Studio 15
VisualStudioVersion = 15.0.27130.2027
MinimumVisualStudioVersion = 10.0.40219.1
Project("{FAE04EC0-301F-11D3-BF4B-00C04F79EFBC}") = "Odometer", "Odometer\Odometer.csproj", "{197A387F-0F3C-4ACE-8C0E-9AFBA9C8AAB3}"
EndProject
Global
	GlobalSection(SolutionConfigurationPlatforms) = preSolution
		Debug|Any CPU = Debug|Any CPU
		Release|Any CPU = Release|Any CPU
	EndGlobalSection
	GlobalSection(ProjectConfigurationPlatforms) = postSolution
		{197A387F-0F3C-4ACE-8C0E-9AFBA9C8AAB3}.Debug|Any CPU.ActiveCfg = Debug|Any CPU
		{197A387F-0F3C-4ACE-8C0E-9AFBA9C8AAB3}.Debug|Any CPU.Build.0 = Debug|Any CPU
		{197A387F-0F3C-4ACE-8C0E-9AFBA9C8AAB3}.Release|Any CPU.ActiveCfg = Release|Any CPU
		{197A387F-0F3C-4ACE-8C0E-9AFBA9C8AAB3}.Release|Any CPU.Build.0 = Release|Any CPU
	EndGlobalSection
	GlobalSection(SolutionProperties) = preSolution
		HideSolutionNode = FALSE
	EndGlobalSection
	GlobalSection(ExtensibilityGlobals) = postSolution
		SolutionGuid = {97E426C7-4C9C-4057-A6B0-A47FCB512E53}
	EndGlobalSection
EndGlobal
